// !$*UTF8*$!
{
	archiveVersion = 1;
	classes = {
	};
	objectVersion = 55;
	objects = {

/* Begin PBXBuildFile section */
		0208DC7729133E850027F697 /* AllRecipes.swift in Sources */ = {isa = PBXBuildFile; fileRef = 0208DC7629133E850027F697 /* AllRecipes.swift */; };
		02108F2A28F4D1A2003D84F7 /* Recipe.swift in Sources */ = {isa = PBXBuildFile; fileRef = 02108F2928F4D1A2003D84F7 /* Recipe.swift */; };
		029383412943F0740010155A /* RecipeDetailView.swift in Sources */ = {isa = PBXBuildFile; fileRef = 029383402943F0730010155A /* RecipeDetailView.swift */; };
		02A86F612940123C00999F3C /* RecipeData.swift in Sources */ = {isa = PBXBuildFile; fileRef = 02A86F602940123C00999F3C /* RecipeData.swift */; };
		02DFCE7C28EA89F700779E2C /* MealPrepApp.swift in Sources */ = {isa = PBXBuildFile; fileRef = 02DFCE7B28EA89F700779E2C /* MealPrepApp.swift */; };
		02DFCE7E28EA89F700779E2C /* RecipesListView.swift in Sources */ = {isa = PBXBuildFile; fileRef = 02DFCE7D28EA89F700779E2C /* RecipesListView.swift */; };
		02DFCE8028EA89F900779E2C /* Assets.xcassets in Resources */ = {isa = PBXBuildFile; fileRef = 02DFCE7F28EA89F900779E2C /* Assets.xcassets */; };
		02DFCE8328EA89F900779E2C /* Preview Assets.xcassets in Resources */ = {isa = PBXBuildFile; fileRef = 02DFCE8228EA89F900779E2C /* Preview Assets.xcassets */; };
		0B3EDFDC29496DA9003961E5 /* AppColor.swift in Sources */ = {isa = PBXBuildFile; fileRef = 0B3EDFDB29496DA9003961E5 /* AppColor.swift */; };
		0B4C2636297F5B0500F5BC87 /* RecipeCategoryGridView.swift in Sources */ = {isa = PBXBuildFile; fileRef = 0B4C2635297F5B0500F5BC87 /* RecipeCategoryGridView.swift */; };
/* End PBXBuildFile section */

/* Begin PBXFileReference section */
		0208DC7629133E850027F697 /* AllRecipes.swift */ = {isa = PBXFileReference; lastKnownFileType = sourcecode.swift; path = AllRecipes.swift; sourceTree = "<group>"; };
		02108F2928F4D1A2003D84F7 /* Recipe.swift */ = {isa = PBXFileReference; lastKnownFileType = sourcecode.swift; path = Recipe.swift; sourceTree = "<group>"; };
		029383402943F0730010155A /* RecipeDetailView.swift */ = {isa = PBXFileReference; lastKnownFileType = sourcecode.swift; path = RecipeDetailView.swift; sourceTree = "<group>"; };
		02A86F602940123C00999F3C /* RecipeData.swift */ = {isa = PBXFileReference; lastKnownFileType = sourcecode.swift; path = RecipeData.swift; sourceTree = "<group>"; };
		02DFCE7828EA89F700779E2C /* MealPrep.app */ = {isa = PBXFileReference; explicitFileType = wrapper.application; includeInIndex = 0; path = MealPrep.app; sourceTree = BUILT_PRODUCTS_DIR; };
		02DFCE7B28EA89F700779E2C /* MealPrepApp.swift */ = {isa = PBXFileReference; lastKnownFileType = sourcecode.swift; path = MealPrepApp.swift; sourceTree = "<group>"; };
		02DFCE7D28EA89F700779E2C /* RecipesListView.swift */ = {isa = PBXFileReference; lastKnownFileType = sourcecode.swift; path = RecipesListView.swift; sourceTree = "<group>"; };
		02DFCE7F28EA89F900779E2C /* Assets.xcassets */ = {isa = PBXFileReference; lastKnownFileType = folder.assetcatalog; path = Assets.xcassets; sourceTree = "<group>"; };
		02DFCE8228EA89F900779E2C /* Preview Assets.xcassets */ = {isa = PBXFileReference; lastKnownFileType = folder.assetcatalog; path = "Preview Assets.xcassets"; sourceTree = "<group>"; };
		0B3EDFDB29496DA9003961E5 /* AppColor.swift */ = {isa = PBXFileReference; lastKnownFileType = sourcecode.swift; path = AppColor.swift; sourceTree = "<group>"; };
		0B4C2635297F5B0500F5BC87 /* RecipeCategoryGridView.swift */ = {isa = PBXFileReference; lastKnownFileType = sourcecode.swift; path = RecipeCategoryGridView.swift; sourceTree = "<group>"; };
/* End PBXFileReference section */

/* Begin PBXFrameworksBuildPhase section */
		02DFCE7528EA89F700779E2C /* Frameworks */ = {
			isa = PBXFrameworksBuildPhase;
			buildActionMask = 2147483647;
			files = (
			);
			runOnlyForDeploymentPostprocessing = 0;
		};
/* End PBXFrameworksBuildPhase section */

/* Begin PBXGroup section */
		0208DC96292D85DE0027F697 /* Views */ = {
			isa = PBXGroup;
			children = (
				02DFCE7D28EA89F700779E2C /* RecipesListView.swift */,
				029383402943F0730010155A /* RecipeDetailView.swift */,
				0B4C2635297F5B0500F5BC87 /* RecipeCategoryGridView.swift */,
			);
			path = Views;
			sourceTree = "<group>";
		};
		0208DC97292D85EB0027F697 /* ViewModels */ = {
			isa = PBXGroup;
			children = (
				02A86F602940123C00999F3C /* RecipeData.swift */,
				0B3EDFDB29496DA9003961E5 /* AppColor.swift */,
			);
			path = ViewModels;
			sourceTree = "<group>";
		};
		0208DC98292D85F50027F697 /* Models */ = {
			isa = PBXGroup;
			children = (
				02108F2928F4D1A2003D84F7 /* Recipe.swift */,
			);
			path = Models;
			sourceTree = "<group>";
		};
		02DFCE6F28EA89F700779E2C = {
			isa = PBXGroup;
			children = (
				02DFCE7A28EA89F700779E2C /* MealPrep */,
				02DFCE7928EA89F700779E2C /* Products */,
			);
			sourceTree = "<group>";
		};
		02DFCE7928EA89F700779E2C /* Products */ = {
			isa = PBXGroup;
			children = (
				02DFCE7828EA89F700779E2C /* MealPrep.app */,
			);
			name = Products;
			sourceTree = "<group>";
		};
		02DFCE7A28EA89F700779E2C /* MealPrep */ = {
			isa = PBXGroup;
			children = (
				0208DC98292D85F50027F697 /* Models */,
				0208DC97292D85EB0027F697 /* ViewModels */,
				0208DC96292D85DE0027F697 /* Views */,
				02DFCE7B28EA89F700779E2C /* MealPrepApp.swift */,
				02DFCE7F28EA89F900779E2C /* Assets.xcassets */,
				02DFCE8128EA89F900779E2C /* Preview Content */,
				0208DC7629133E850027F697 /* AllRecipes.swift */,
			);
			path = MealPrep;
			sourceTree = "<group>";
		};
		02DFCE8128EA89F900779E2C /* Preview Content */ = {
			isa = PBXGroup;
			children = (
				02DFCE8228EA89F900779E2C /* Preview Assets.xcassets */,
			);
			path = "Preview Content";
			sourceTree = "<group>";
		};
/* End PBXGroup section */

/* Begin PBXNativeTarget section */
		02DFCE7728EA89F700779E2C /* MealPrep */ = {
			isa = PBXNativeTarget;
			buildConfigurationList = 02DFCE8628EA89F900779E2C /* Build configuration list for PBXNativeTarget "MealPrep" */;
			buildPhases = (
				02DFCE7428EA89F700779E2C /* Sources */,
				02DFCE7528EA89F700779E2C /* Frameworks */,
				02DFCE7628EA89F700779E2C /* Resources */,
			);
			buildRules = (
			);
			dependencies = (
			);
			name = MealPrep;
			productName = MealPrep;
			productReference = 02DFCE7828EA89F700779E2C /* MealPrep.app */;
			productType = "com.apple.product-type.application";
		};
/* End PBXNativeTarget section */

/* Begin PBXProject section */
		02DFCE7028EA89F700779E2C /* Project object */ = {
			isa = PBXProject;
			attributes = {
				BuildIndependentTargetsInParallel = 1;
				LastSwiftUpdateCheck = 1340;
				LastUpgradeCheck = 1340;
				TargetAttributes = {
					02DFCE7728EA89F700779E2C = {
						CreatedOnToolsVersion = 13.4.1;
					};
				};
			};
			buildConfigurationList = 02DFCE7328EA89F700779E2C /* Build configuration list for PBXProject "MealPrep" */;
			compatibilityVersion = "Xcode 13.0";
			developmentRegion = en;
			hasScannedForEncodings = 0;
			knownRegions = (
				en,
				Base,
			);
			mainGroup = 02DFCE6F28EA89F700779E2C;
			productRefGroup = 02DFCE7928EA89F700779E2C /* Products */;
			projectDirPath = "";
			projectRoot = "";
			targets = (
				02DFCE7728EA89F700779E2C /* MealPrep */,
			);
		};
/* End PBXProject section */

/* Begin PBXResourcesBuildPhase section */
		02DFCE7628EA89F700779E2C /* Resources */ = {
			isa = PBXResourcesBuildPhase;
			buildActionMask = 2147483647;
			files = (
				02DFCE8328EA89F900779E2C /* Preview Assets.xcassets in Resources */,
				02DFCE8028EA89F900779E2C /* Assets.xcassets in Resources */,
			);
			runOnlyForDeploymentPostprocessing = 0;
		};
/* End PBXResourcesBuildPhase section */

/* Begin PBXSourcesBuildPhase section */
		02DFCE7428EA89F700779E2C /* Sources */ = {
			isa = PBXSourcesBuildPhase;
			buildActionMask = 2147483647;
			files = (
				02108F2A28F4D1A2003D84F7 /* Recipe.swift in Sources */,
				029383412943F0740010155A /* RecipeDetailView.swift in Sources */,
				02DFCE7E28EA89F700779E2C /* RecipesListView.swift in Sources */,
				0B3EDFDC29496DA9003961E5 /* AppColor.swift in Sources */,
				02A86F612940123C00999F3C /* RecipeData.swift in Sources */,
				02DFCE7C28EA89F700779E2C /* MealPrepApp.swift in Sources */,
				0B4C2636297F5B0500F5BC87 /* RecipeCategoryGridView.swift in Sources */,
				0208DC7729133E850027F697 /* AllRecipes.swift in Sources */,
			);
			runOnlyForDeploymentPostprocessing = 0;
		};
/* End PBXSourcesBuildPhase section */

/* Begin XCBuildConfiguration section */
		02DFCE8428EA89F900779E2C /* Debug */ = {
			isa = XCBuildConfiguration;
			buildSettings = {
				ALWAYS_SEARCH_USER_PATHS = NO;
				CLANG_ANALYZER_NONNULL = YES;
				CLANG_ANALYZER_NUMBER_OBJECT_CONVERSION = YES_AGGRESSIVE;
				CLANG_CXX_LANGUAGE_STANDARD = "gnu++17";
				CLANG_ENABLE_MODULES = YES;
				CLANG_ENABLE_OBJC_ARC = YES;
				CLANG_ENABLE_OBJC_WEAK = YES;
				CLANG_WARN_BLOCK_CAPTURE_AUTORELEASING = YES;
				CLANG_WARN_BOOL_CONVERSION = YES;
				CLANG_WARN_COMMA = YES;
				CLANG_WARN_CONSTANT_CONVERSION = YES;
				CLANG_WARN_DEPRECATED_OBJC_IMPLEMENTATIONS = YES;
				CLANG_WARN_DIRECT_OBJC_ISA_USAGE = YES_ERROR;
				CLANG_WARN_DOCUMENTATION_COMMENTS = YES;
				CLANG_WARN_EMPTY_BODY = YES;
				CLANG_WARN_ENUM_CONVERSION = YES;
				CLANG_WARN_INFINITE_RECURSION = YES;
				CLANG_WARN_INT_CONVERSION = YES;
				CLANG_WARN_NON_LITERAL_NULL_CONVERSION = YES;
				CLANG_WARN_OBJC_IMPLICIT_RETAIN_SELF = YES;
				CLANG_WARN_OBJC_LITERAL_CONVERSION = YES;
				CLANG_WARN_OBJC_ROOT_CLASS = YES_ERROR;
				CLANG_WARN_QUOTED_INCLUDE_IN_FRAMEWORK_HEADER = YES;
				CLANG_WARN_RANGE_LOOP_ANALYSIS = YES;
				CLANG_WARN_STRICT_PROTOTYPES = YES;
				CLANG_WARN_SUSPICIOUS_MOVE = YES;
				CLANG_WARN_UNGUARDED_AVAILABILITY = YES_AGGRESSIVE;
				CLANG_WARN_UNREACHABLE_CODE = YES;
				CLANG_WARN__DUPLICATE_METHOD_MATCH = YES;
				COPY_PHASE_STRIP = NO;
				DEBUG_INFORMATION_FORMAT = dwarf;
				ENABLE_STRICT_OBJC_MSGSEND = YES;
				ENABLE_TESTABILITY = YES;
				GCC_C_LANGUAGE_STANDARD = gnu11;
				GCC_DYNAMIC_NO_PIC = NO;
				GCC_NO_COMMON_BLOCKS = YES;
				GCC_OPTIMIZATION_LEVEL = 0;
				GCC_PREPROCESSOR_DEFINITIONS = (
					"DEBUG=1",
					"$(inherited)",
				);
				GCC_WARN_64_TO_32_BIT_CONVERSION = YES;
				GCC_WARN_ABOUT_RETURN_TYPE = YES_ERROR;
				GCC_WARN_UNDECLARED_SELECTOR = YES;
				GCC_WARN_UNINITIALIZED_AUTOS = YES_AGGRESSIVE;
				GCC_WARN_UNUSED_FUNCTION = YES;
				GCC_WARN_UNUSED_VARIABLE = YES;
				IPHONEOS_DEPLOYMENT_TARGET = 15.5;
				MTL_ENABLE_DEBUG_INFO = INCLUDE_SOURCE;
				MTL_FAST_MATH = YES;
				ONLY_ACTIVE_ARCH = YES;
				SDKROOT = iphoneos;
				SWIFT_ACTIVE_COMPILATION_CONDITIONS = DEBUG;
				SWIFT_OPTIMIZATION_LEVEL = "-Onone";
			};
			name = Debug;
		};
		02DFCE8528EA89F900779E2C /* Release */ = {
			isa = XCBuildConfiguration;
			buildSettings = {
				ALWAYS_SEARCH_USER_PATHS = NO;
				CLANG_ANALYZER_NONNULL = YES;
				CLANG_ANALYZER_NUMBER_OBJECT_CONVERSION = YES_AGGRESSIVE;
				CLANG_CXX_LANGUAGE_STANDARD = "gnu++17";
				CLANG_ENABLE_MODULES = YES;
				CLANG_ENABLE_OBJC_ARC = YES;
				CLANG_ENABLE_OBJC_WEAK = YES;
				CLANG_WARN_BLOCK_CAPTURE_AUTORELEASING = YES;
				CLANG_WARN_BOOL_CONVERSION = YES;
				CLANG_WARN_COMMA = YES;
				CLANG_WARN_CONSTANT_CONVERSION = YES;
				CLANG_WARN_DEPRECATED_OBJC_IMPLEMENTATIONS = YES;
				CLANG_WARN_DIRECT_OBJC_ISA_USAGE = YES_ERROR;
				CLANG_WARN_DOCUMENTATION_COMMENTS = YES;
				CLANG_WARN_EMPTY_BODY = YES;
				CLANG_WARN_ENUM_CONVERSION = YES;
				CLANG_WARN_INFINITE_RECURSION = YES;
				CLANG_WARN_INT_CONVERSION = YES;
				CLANG_WARN_NON_LITERAL_NULL_CONVERSION = YES;
				CLANG_WARN_OBJC_IMPLICIT_RETAIN_SELF = YES;
				CLANG_WARN_OBJC_LITERAL_CONVERSION = YES;
				CLANG_WARN_OBJC_ROOT_CLASS = YES_ERROR;
				CLANG_WARN_QUOTED_INCLUDE_IN_FRAMEWORK_HEADER = YES;
				CLANG_WARN_RANGE_LOOP_ANALYSIS = YES;
				CLANG_WARN_STRICT_PROTOTYPES = YES;
				CLANG_WARN_SUSPICIOUS_MOVE = YES;
				CLANG_WARN_UNGUARDED_AVAILABILITY = YES_AGGRESSIVE;
				CLANG_WARN_UNREACHABLE_CODE = YES;
				CLANG_WARN__DUPLICATE_METHOD_MATCH = YES;
				COPY_PHASE_STRIP = NO;
				DEBUG_INFORMATION_FORMAT = "dwarf-with-dsym";
				ENABLE_NS_ASSERTIONS = NO;
				ENABLE_STRICT_OBJC_MSGSEND = YES;
				GCC_C_LANGUAGE_STANDARD = gnu11;
				GCC_NO_COMMON_BLOCKS = YES;
				GCC_WARN_64_TO_32_BIT_CONVERSION = YES;
				GCC_WARN_ABOUT_RETURN_TYPE = YES_ERROR;
				GCC_WARN_UNDECLARED_SELECTOR = YES;
				GCC_WARN_UNINITIALIZED_AUTOS = YES_AGGRESSIVE;
				GCC_WARN_UNUSED_FUNCTION = YES;
				GCC_WARN_UNUSED_VARIABLE = YES;
				IPHONEOS_DEPLOYMENT_TARGET = 15.5;
				MTL_ENABLE_DEBUG_INFO = NO;
				MTL_FAST_MATH = YES;
				SDKROOT = iphoneos;
				SWIFT_COMPILATION_MODE = wholemodule;
				SWIFT_OPTIMIZATION_LEVEL = "-O";
				VALIDATE_PRODUCT = YES;
			};
			name = Release;
		};
		02DFCE8728EA89F900779E2C /* Debug */ = {
			isa = XCBuildConfiguration;
			buildSettings = {
				ASSETCATALOG_COMPILER_APPICON_NAME = AppIcon;
				ASSETCATALOG_COMPILER_GLOBAL_ACCENT_COLOR_NAME = AccentColor;
				CODE_SIGN_STYLE = Automatic;
				CURRENT_PROJECT_VERSION = 1;
				DEVELOPMENT_ASSET_PATHS = "\"MealPrep/Preview Content\"";
				DEVELOPMENT_TEAM = U8MNSC9Z3Z;
				ENABLE_PREVIEWS = YES;
				GENERATE_INFOPLIST_FILE = YES;
				INFOPLIST_KEY_UIApplicationSceneManifest_Generation = YES;
				INFOPLIST_KEY_UIApplicationSupportsIndirectInputEvents = YES;
				INFOPLIST_KEY_UILaunchScreen_Generation = YES;
				INFOPLIST_KEY_UISupportedInterfaceOrientations_iPad = "UIInterfaceOrientationPortrait UIInterfaceOrientationPortraitUpsideDown UIInterfaceOrientationLandscapeLeft UIInterfaceOrientationLandscapeRight";
				INFOPLIST_KEY_UISupportedInterfaceOrientations_iPhone = "UIInterfaceOrientationPortrait UIInterfaceOrientationLandscapeLeft UIInterfaceOrientationLandscapeRight";
				LD_RUNPATH_SEARCH_PATHS = (
					"$(inherited)",
					"@executable_path/Frameworks",
				);
				MARKETING_VERSION = 1.0;
				PRODUCT_BUNDLE_IDENTIFIER = com.Una.MealPrep;
				PRODUCT_NAME = "$(TARGET_NAME)";
				SWIFT_EMIT_LOC_STRINGS = YES;
				SWIFT_VERSION = 5.0;
				TARGETED_DEVICE_FAMILY = "1,2";
			};
			name = Debug;
		};
		02DFCE8828EA89F900779E2C /* Release */ = {
			isa = XCBuildConfiguration;
			buildSettings = {
				ASSETCATALOG_COMPILER_APPICON_NAME = AppIcon;
				ASSETCATALOG_COMPILER_GLOBAL_ACCENT_COLOR_NAME = AccentColor;
				CODE_SIGN_STYLE = Automatic;
				CURRENT_PROJECT_VERSION = 1;
				DEVELOPMENT_ASSET_PATHS = "\"MealPrep/Preview Content\"";
				DEVELOPMENT_TEAM = U8MNSC9Z3Z;
				ENABLE_PREVIEWS = YES;
				GENERATE_INFOPLIST_FILE = YES;
				INFOPLIST_KEY_UIApplicationSceneManifest_Generation = YES;
				INFOPLIST_KEY_UIApplicationSupportsIndirectInputEvents = YES;
				INFOPLIST_KEY_UILaunchScreen_Generation = YES;
				INFOPLIST_KEY_UISupportedInterfaceOrientations_iPad = "UIInterfaceOrientationPortrait UIInterfaceOrientationPortraitUpsideDown UIInterfaceOrientationLandscapeLeft UIInterfaceOrientationLandscapeRight";
				INFOPLIST_KEY_UISupportedInterfaceOrientations_iPhone = "UIInterfaceOrientationPortrait UIInterfaceOrientationLandscapeLeft UIInterfaceOrientationLandscapeRight";
				LD_RUNPATH_SEARCH_PATHS = (
					"$(inherited)",
					"@executable_path/Frameworks",
				);
				MARKETING_VERSION = 1.0;
				PRODUCT_BUNDLE_IDENTIFIER = com.Una.MealPrep;
				PRODUCT_NAME = "$(TARGET_NAME)";
				SWIFT_EMIT_LOC_STRINGS = YES;
				SWIFT_VERSION = 5.0;
				TARGETED_DEVICE_FAMILY = "1,2";
			};
			name = Release;
		};
/* End XCBuildConfiguration section */

/* Begin XCConfigurationList section */
		02DFCE7328EA89F700779E2C /* Build configuration list for PBXProject "MealPrep" */ = {
			isa = XCConfigurationList;
			buildConfigurations = (
				02DFCE8428EA89F900779E2C /* Debug */,
				02DFCE8528EA89F900779E2C /* Release */,
			);
			defaultConfigurationIsVisible = 0;
			defaultConfigurationName = Release;
		};
		02DFCE8628EA89F900779E2C /* Build configuration list for PBXNativeTarget "MealPrep" */ = {
			isa = XCConfigurationList;
			buildConfigurations = (
				02DFCE8728EA89F900779E2C /* Debug */,
				02DFCE8828EA89F900779E2C /* Release */,
			);
			defaultConfigurationIsVisible = 0;
			defaultConfigurationName = Release;
		};
/* End XCConfigurationList section */
	};
	rootObject = 02DFCE7028EA89F700779E2C /* Project object */;
}
